// !$*UTF8*$!
{
	archiveVersion = 1;
	classes = {
	};
	objectVersion = 56;
	objects = {

/* Begin PBXBuildFile section */
		F48D5C222A2CA51E00DD6AE5 /* AppDelegate.swift in Sources */ = {isa = PBXBuildFile; fileRef = F48D5C212A2CA51E00DD6AE5 /* AppDelegate.swift */; };
		F48D5C242A2CA51E00DD6AE5 /* SceneDelegate.swift in Sources */ = {isa = PBXBuildFile; fileRef = F48D5C232A2CA51E00DD6AE5 /* SceneDelegate.swift */; };
		F48D5C2B2A2CA51F00DD6AE5 /* Assets.xcassets in Resources */ = {isa = PBXBuildFile; fileRef = F48D5C2A2A2CA51F00DD6AE5 /* Assets.xcassets */; };
		F48D5C2E2A2CA51F00DD6AE5 /* LaunchScreen.storyboard in Resources */ = {isa = PBXBuildFile; fileRef = F48D5C2C2A2CA51F00DD6AE5 /* LaunchScreen.storyboard */; };
		F48D5C362A2CB66F00DD6AE5 /* ProfileViewController.swift in Sources */ = {isa = PBXBuildFile; fileRef = F48D5C352A2CB66F00DD6AE5 /* ProfileViewController.swift */; };
		F48D5C392A2CB73400DD6AE5 /* FeedViewController.swift in Sources */ = {isa = PBXBuildFile; fileRef = F48D5C382A2CB73400DD6AE5 /* FeedViewController.swift */; };
		F4BE8F732A348AF4002B8EB2 /* InfoViewController.swift in Sources */ = {isa = PBXBuildFile; fileRef = F4BE8F722A348AF4002B8EB2 /* InfoViewController.swift */; };
		F4EE33CA2A35AE6F000FB391 /* ProfileHeaderView.swift in Sources */ = {isa = PBXBuildFile; fileRef = F4EE33C92A35AE6F000FB391 /* ProfileHeaderView.swift */; };
		F4F8F7382A3243AB0082C8B9 /* PostViewController.swift in Sources */ = {isa = PBXBuildFile; fileRef = F4F8F7372A3243AB0082C8B9 /* PostViewController.swift */; };
		F4F8F7412A3254D90082C8B9 /* Post.swift in Sources */ = {isa = PBXBuildFile; fileRef = F4F8F7402A3254D90082C8B9 /* Post.swift */; };
/* End PBXBuildFile section */

/* Begin PBXFileReference section */
		F48D5C1E2A2CA51E00DD6AE5 /* Navigation.app */ = {isa = PBXFileReference; explicitFileType = wrapper.application; includeInIndex = 0; path = Navigation.app; sourceTree = BUILT_PRODUCTS_DIR; };
		F48D5C212A2CA51E00DD6AE5 /* AppDelegate.swift */ = {isa = PBXFileReference; lastKnownFileType = sourcecode.swift; path = AppDelegate.swift; sourceTree = "<group>"; };
		F48D5C232A2CA51E00DD6AE5 /* SceneDelegate.swift */ = {isa = PBXFileReference; lastKnownFileType = sourcecode.swift; path = SceneDelegate.swift; sourceTree = "<group>"; };
		F48D5C2A2A2CA51F00DD6AE5 /* Assets.xcassets */ = {isa = PBXFileReference; explicitFileType = wrapper.application; path = Assets.xcassets; sourceTree = "<group>"; };
		F48D5C2D2A2CA51F00DD6AE5 /* Base */ = {isa = PBXFileReference; lastKnownFileType = file.storyboard; name = Base; path = Base.lproj/LaunchScreen.storyboard; sourceTree = "<group>"; };
		F48D5C2F2A2CA51F00DD6AE5 /* Info.plist */ = {isa = PBXFileReference; lastKnownFileType = text.plist.xml; path = Info.plist; sourceTree = "<group>"; };
		F48D5C352A2CB66F00DD6AE5 /* ProfileViewController.swift */ = {isa = PBXFileReference; lastKnownFileType = sourcecode.swift; path = ProfileViewController.swift; sourceTree = "<group>"; };
		F48D5C382A2CB73400DD6AE5 /* FeedViewController.swift */ = {isa = PBXFileReference; lastKnownFileType = sourcecode.swift; path = FeedViewController.swift; sourceTree = "<group>"; };
		F4BE8F722A348AF4002B8EB2 /* InfoViewController.swift */ = {isa = PBXFileReference; lastKnownFileType = sourcecode.swift; path = InfoViewController.swift; sourceTree = "<group>"; };
		F4EE33C92A35AE6F000FB391 /* ProfileHeaderView.swift */ = {isa = PBXFileReference; lastKnownFileType = sourcecode.swift; path = ProfileHeaderView.swift; sourceTree = "<group>"; };
		F4F8F7372A3243AB0082C8B9 /* PostViewController.swift */ = {isa = PBXFileReference; lastKnownFileType = sourcecode.swift; path = PostViewController.swift; sourceTree = "<group>"; };
		F4F8F7402A3254D90082C8B9 /* Post.swift */ = {isa = PBXFileReference; lastKnownFileType = sourcecode.swift; path = Post.swift; sourceTree = "<group>"; };
/* End PBXFileReference section */

/* Begin PBXFrameworksBuildPhase section */
		F48D5C1B2A2CA51E00DD6AE5 /* Frameworks */ = {
			isa = PBXFrameworksBuildPhase;
			buildActionMask = 2147483647;
			files = (
			);
			runOnlyForDeploymentPostprocessing = 0;
		};
/* End PBXFrameworksBuildPhase section */

/* Begin PBXGroup section */
		F48D5C152A2CA51E00DD6AE5 = {
			isa = PBXGroup;
			children = (
				F48D5C202A2CA51E00DD6AE5 /* Navigation */,
				F48D5C1F2A2CA51E00DD6AE5 /* Products */,
			);
			sourceTree = "<group>";
		};
		F48D5C1F2A2CA51E00DD6AE5 /* Products */ = {
			isa = PBXGroup;
			children = (
				F48D5C1E2A2CA51E00DD6AE5 /* Navigation.app */,
			);
			name = Products;
			sourceTree = "<group>";
		};
		F48D5C202A2CA51E00DD6AE5 /* Navigation */ = {
			isa = PBXGroup;
			children = (
				F4F8F73E2A32546F0082C8B9 /* Delegates */,
				F4F8F73F2A32548A0082C8B9 /* Resources */,
				F4F8F73D2A3254540082C8B9 /* Models */,
				F48D5C372A2CB68800DD6AE5 /* Controllers */,
				F48D5C2F2A2CA51F00DD6AE5 /* Info.plist */,
			);
			path = Navigation;
			sourceTree = "<group>";
		};
		F48D5C372A2CB68800DD6AE5 /* Controllers */ = {
			isa = PBXGroup;
			children = (
				F4EE33C82A35AE30000FB391 /* Profile */,
				F48D5C382A2CB73400DD6AE5 /* FeedViewController.swift */,
				F4F8F7372A3243AB0082C8B9 /* PostViewController.swift */,
				F4BE8F722A348AF4002B8EB2 /* InfoViewController.swift */,
			);
			path = Controllers;
			sourceTree = "<group>";
		};
		F4EE33C82A35AE30000FB391 /* Profile */ = {
			isa = PBXGroup;
			children = (
				F4EE33C92A35AE6F000FB391 /* ProfileHeaderView.swift */,
				F48D5C352A2CB66F00DD6AE5 /* ProfileViewController.swift */,
			);
			path = Profile;
			sourceTree = "<group>";
		};
		F4F8F73D2A3254540082C8B9 /* Models */ = {
			isa = PBXGroup;
			children = (
				F4F8F7402A3254D90082C8B9 /* Post.swift */,
			);
			path = Models;
			sourceTree = "<group>";
		};
		F4F8F73E2A32546F0082C8B9 /* Delegates */ = {
			isa = PBXGroup;
			children = (
				F48D5C212A2CA51E00DD6AE5 /* AppDelegate.swift */,
				F48D5C232A2CA51E00DD6AE5 /* SceneDelegate.swift */,
			);
			path = Delegates;
			sourceTree = "<group>";
		};
		F4F8F73F2A32548A0082C8B9 /* Resources */ = {
			isa = PBXGroup;
			children = (
				F48D5C2A2A2CA51F00DD6AE5 /* Assets.xcassets */,
				F48D5C2C2A2CA51F00DD6AE5 /* LaunchScreen.storyboard */,
			);
			path = Resources;
			sourceTree = "<group>";
		};
/* End PBXGroup section */

/* Begin PBXNativeTarget section */
		F48D5C1D2A2CA51E00DD6AE5 /* Navigation */ = {
			isa = PBXNativeTarget;
			buildConfigurationList = F48D5C322A2CA51F00DD6AE5 /* Build configuration list for PBXNativeTarget "Navigation" */;
			buildPhases = (
				F48D5C1A2A2CA51E00DD6AE5 /* Sources */,
				F48D5C1B2A2CA51E00DD6AE5 /* Frameworks */,
				F48D5C1C2A2CA51E00DD6AE5 /* Resources */,
			);
			buildRules = (
			);
			dependencies = (
			);
			name = Navigation;
			productName = Navigation;
			productReference = F48D5C1E2A2CA51E00DD6AE5 /* Navigation.app */;
			productType = "com.apple.product-type.application";
		};
/* End PBXNativeTarget section */

/* Begin PBXProject section */
		F48D5C162A2CA51E00DD6AE5 /* Project object */ = {
			isa = PBXProject;
			attributes = {
				BuildIndependentTargetsInParallel = 1;
				LastSwiftUpdateCheck = 1430;
				LastUpgradeCheck = 1430;
				TargetAttributes = {
					F48D5C1D2A2CA51E00DD6AE5 = {
						CreatedOnToolsVersion = 14.3;
					};
				};
			};
			buildConfigurationList = F48D5C192A2CA51E00DD6AE5 /* Build configuration list for PBXProject "Navigation" */;
			compatibilityVersion = "Xcode 14.0";
			developmentRegion = en;
			hasScannedForEncodings = 0;
			knownRegions = (
				en,
				Base,
			);
			mainGroup = F48D5C152A2CA51E00DD6AE5;
			productRefGroup = F48D5C1F2A2CA51E00DD6AE5 /* Products */;
			projectDirPath = "";
			projectRoot = "";
			targets = (
				F48D5C1D2A2CA51E00DD6AE5 /* Navigation */,
			);
		};
/* End PBXProject section */

/* Begin PBXResourcesBuildPhase section */
		F48D5C1C2A2CA51E00DD6AE5 /* Resources */ = {
			isa = PBXResourcesBuildPhase;
			buildActionMask = 2147483647;
			files = (
				F48D5C2E2A2CA51F00DD6AE5 /* LaunchScreen.storyboard in Resources */,
				F48D5C2B2A2CA51F00DD6AE5 /* Assets.xcassets in Resources */,
			);
			runOnlyForDeploymentPostprocessing = 0;
		};
/* End PBXResourcesBuildPhase section */

/* Begin PBXSourcesBuildPhase section */
		F48D5C1A2A2CA51E00DD6AE5 /* Sources */ = {
			isa = PBXSourcesBuildPhase;
			buildActionMask = 2147483647;
			files = (
				F48D5C222A2CA51E00DD6AE5 /* AppDelegate.swift in Sources */,
				F48D5C392A2CB73400DD6AE5 /* FeedViewController.swift in Sources */,
				F48D5C362A2CB66F00DD6AE5 /* ProfileViewController.swift in Sources */,
				F4BE8F732A348AF4002B8EB2 /* InfoViewController.swift in Sources */,
				F4F8F7412A3254D90082C8B9 /* Post.swift in Sources */,
				F48D5C242A2CA51E00DD6AE5 /* SceneDelegate.swift in Sources */,
				F4F8F7382A3243AB0082C8B9 /* PostViewController.swift in Sources */,
				F4EE33CA2A35AE6F000FB391 /* ProfileHeaderView.swift in Sources */,
			);
			runOnlyForDeploymentPostprocessing = 0;
		};
/* End PBXSourcesBuildPhase section */

/* Begin PBXVariantGroup section */
		F48D5C2C2A2CA51F00DD6AE5 /* LaunchScreen.storyboard */ = {
			isa = PBXVariantGroup;
			children = (
				F48D5C2D2A2CA51F00DD6AE5 /* Base */,
			);
			name = LaunchScreen.storyboard;
			sourceTree = "<group>";
		};
/* End PBXVariantGroup section */

/* Begin XCBuildConfiguration section */
		F48D5C302A2CA51F00DD6AE5 /* Debug */ = {
			isa = XCBuildConfiguration;
			buildSettings = {
				ALWAYS_SEARCH_USER_PATHS = NO;
				CLANG_ANALYZER_NONNULL = YES;
				CLANG_ANALYZER_NUMBER_OBJECT_CONVERSION = YES_AGGRESSIVE;
				CLANG_CXX_LANGUAGE_STANDARD = "gnu++20";
				CLANG_ENABLE_MODULES = YES;
				CLANG_ENABLE_OBJC_ARC = YES;
				CLANG_ENABLE_OBJC_WEAK = YES;
				CLANG_WARN_BLOCK_CAPTURE_AUTORELEASING = YES;
				CLANG_WARN_BOOL_CONVERSION = YES;
				CLANG_WARN_COMMA = YES;
				CLANG_WARN_CONSTANT_CONVERSION = YES;
				CLANG_WARN_DEPRECATED_OBJC_IMPLEMENTATIONS = YES;
				CLANG_WARN_DIRECT_OBJC_ISA_USAGE = YES_ERROR;
				CLANG_WARN_DOCUMENTATION_COMMENTS = YES;
				CLANG_WARN_EMPTY_BODY = YES;
				CLANG_WARN_ENUM_CONVERSION = YES;
				CLANG_WARN_INFINITE_RECURSION = YES;
				CLANG_WARN_INT_CONVERSION = YES;
				CLANG_WARN_NON_LITERAL_NULL_CONVERSION = YES;
				CLANG_WARN_OBJC_IMPLICIT_RETAIN_SELF = YES;
				CLANG_WARN_OBJC_LITERAL_CONVERSION = YES;
				CLANG_WARN_OBJC_ROOT_CLASS = YES_ERROR;
				CLANG_WARN_QUOTED_INCLUDE_IN_FRAMEWORK_HEADER = YES;
				CLANG_WARN_RANGE_LOOP_ANALYSIS = YES;
				CLANG_WARN_STRICT_PROTOTYPES = YES;
				CLANG_WARN_SUSPICIOUS_MOVE = YES;
				CLANG_WARN_UNGUARDED_AVAILABILITY = YES_AGGRESSIVE;
				CLANG_WARN_UNREACHABLE_CODE = YES;
				CLANG_WARN__DUPLICATE_METHOD_MATCH = YES;
				COPY_PHASE_STRIP = NO;
				DEBUG_INFORMATION_FORMAT = dwarf;
				ENABLE_STRICT_OBJC_MSGSEND = YES;
				ENABLE_TESTABILITY = YES;
				GCC_C_LANGUAGE_STANDARD = gnu11;
				GCC_DYNAMIC_NO_PIC = NO;
				GCC_NO_COMMON_BLOCKS = YES;
				GCC_OPTIMIZATION_LEVEL = 0;
				GCC_PREPROCESSOR_DEFINITIONS = (
					"DEBUG=1",
					"$(inherited)",
				);
				GCC_WARN_64_TO_32_BIT_CONVERSION = YES;
				GCC_WARN_ABOUT_RETURN_TYPE = YES_ERROR;
				GCC_WARN_UNDECLARED_SELECTOR = YES;
				GCC_WARN_UNINITIALIZED_AUTOS = YES_AGGRESSIVE;
				GCC_WARN_UNUSED_FUNCTION = YES;
				GCC_WARN_UNUSED_VARIABLE = YES;
				IPHONEOS_DEPLOYMENT_TARGET = 16.4;
				MTL_ENABLE_DEBUG_INFO = INCLUDE_SOURCE;
				MTL_FAST_MATH = YES;
				ONLY_ACTIVE_ARCH = YES;
				SDKROOT = iphoneos;
				SWIFT_ACTIVE_COMPILATION_CONDITIONS = DEBUG;
				SWIFT_OPTIMIZATION_LEVEL = "-Onone";
			};
			name = Debug;
		};
		F48D5C312A2CA51F00DD6AE5 /* Release */ = {
			isa = XCBuildConfiguration;
			buildSettings = {
				ALWAYS_SEARCH_USER_PATHS = NO;
				CLANG_ANALYZER_NONNULL = YES;
				CLANG_ANALYZER_NUMBER_OBJECT_CONVERSION = YES_AGGRESSIVE;
				CLANG_CXX_LANGUAGE_STANDARD = "gnu++20";
				CLANG_ENABLE_MODULES = YES;
				CLANG_ENABLE_OBJC_ARC = YES;
				CLANG_ENABLE_OBJC_WEAK = YES;
				CLANG_WARN_BLOCK_CAPTURE_AUTORELEASING = YES;
				CLANG_WARN_BOOL_CONVERSION = YES;
				CLANG_WARN_COMMA = YES;
				CLANG_WARN_CONSTANT_CONVERSION = YES;
				CLANG_WARN_DEPRECATED_OBJC_IMPLEMENTATIONS = YES;
				CLANG_WARN_DIRECT_OBJC_ISA_USAGE = YES_ERROR;
				CLANG_WARN_DOCUMENTATION_COMMENTS = YES;
				CLANG_WARN_EMPTY_BODY = YES;
				CLANG_WARN_ENUM_CONVERSION = YES;
				CLANG_WARN_INFINITE_RECURSION = YES;
				CLANG_WARN_INT_CONVERSION = YES;
				CLANG_WARN_NON_LITERAL_NULL_CONVERSION = YES;
				CLANG_WARN_OBJC_IMPLICIT_RETAIN_SELF = YES;
				CLANG_WARN_OBJC_LITERAL_CONVERSION = YES;
				CLANG_WARN_OBJC_ROOT_CLASS = YES_ERROR;
				CLANG_WARN_QUOTED_INCLUDE_IN_FRAMEWORK_HEADER = YES;
				CLANG_WARN_RANGE_LOOP_ANALYSIS = YES;
				CLANG_WARN_STRICT_PROTOTYPES = YES;
				CLANG_WARN_SUSPICIOUS_MOVE = YES;
				CLANG_WARN_UNGUARDED_AVAILABILITY = YES_AGGRESSIVE;
				CLANG_WARN_UNREACHABLE_CODE = YES;
				CLANG_WARN__DUPLICATE_METHOD_MATCH = YES;
				COPY_PHASE_STRIP = NO;
				DEBUG_INFORMATION_FORMAT = "dwarf-with-dsym";
				ENABLE_NS_ASSERTIONS = NO;
				ENABLE_STRICT_OBJC_MSGSEND = YES;
				GCC_C_LANGUAGE_STANDARD = gnu11;
				GCC_NO_COMMON_BLOCKS = YES;
				GCC_WARN_64_TO_32_BIT_CONVERSION = YES;
				GCC_WARN_ABOUT_RETURN_TYPE = YES_ERROR;
				GCC_WARN_UNDECLARED_SELECTOR = YES;
				GCC_WARN_UNINITIALIZED_AUTOS = YES_AGGRESSIVE;
				GCC_WARN_UNUSED_FUNCTION = YES;
				GCC_WARN_UNUSED_VARIABLE = YES;
				IPHONEOS_DEPLOYMENT_TARGET = 16.4;
				MTL_ENABLE_DEBUG_INFO = NO;
				MTL_FAST_MATH = YES;
				SDKROOT = iphoneos;
				SWIFT_COMPILATION_MODE = wholemodule;
				SWIFT_OPTIMIZATION_LEVEL = "-O";
				VALIDATE_PRODUCT = YES;
			};
			name = Release;
		};
		F48D5C332A2CA51F00DD6AE5 /* Debug */ = {
			isa = XCBuildConfiguration;
			buildSettings = {
				ASSETCATALOG_COMPILER_APPICON_NAME = AppIcon;
				ASSETCATALOG_COMPILER_GLOBAL_ACCENT_COLOR_NAME = AccentColor;
				CODE_SIGN_STYLE = Automatic;
				CURRENT_PROJECT_VERSION = 1;
				GENERATE_INFOPLIST_FILE = YES;
				INFOPLIST_FILE = Navigation/Info.plist;
				INFOPLIST_KEY_UIApplicationSupportsIndirectInputEvents = YES;
				INFOPLIST_KEY_UILaunchStoryboardName = LaunchScreen;
				INFOPLIST_KEY_UISupportedInterfaceOrientations_iPad = "UIInterfaceOrientationPortrait UIInterfaceOrientationPortraitUpsideDown UIInterfaceOrientationLandscapeLeft UIInterfaceOrientationLandscapeRight";
				INFOPLIST_KEY_UISupportedInterfaceOrientations_iPhone = "UIInterfaceOrientationPortrait UIInterfaceOrientationLandscapeLeft UIInterfaceOrientationLandscapeRight";
				IPHONEOS_DEPLOYMENT_TARGET = 14.0;
				LD_RUNPATH_SEARCH_PATHS = (
					"$(inherited)",
					"@executable_path/Frameworks",
				);
				MARKETING_VERSION = 1.0;
				PRODUCT_BUNDLE_IDENTIFIER = "com.exercise.-Navigation.Navigation";
				PRODUCT_NAME = "$(TARGET_NAME)";
				SUPPORTED_PLATFORMS = "iphoneos iphonesimulator";
				SUPPORTS_MACCATALYST = NO;
				SUPPORTS_MAC_DESIGNED_FOR_IPHONE_IPAD = NO;
				SWIFT_EMIT_LOC_STRINGS = YES;
				SWIFT_VERSION = 5.0;
				TARGETED_DEVICE_FAMILY = 1;
			};
			name = Debug;
		};
		F48D5C342A2CA51F00DD6AE5 /* Release */ = {
			isa = XCBuildConfiguration;
			buildSettings = {
				ASSETCATALOG_COMPILER_APPICON_NAME = AppIcon;
				ASSETCATALOG_COMPILER_GLOBAL_ACCENT_COLOR_NAME = AccentColor;
				CODE_SIGN_STYLE = Automatic;
				CURRENT_PROJECT_VERSION = 1;
				GENERATE_INFOPLIST_FILE = YES;
				INFOPLIST_FILE = Navigation/Info.plist;
				INFOPLIST_KEY_UIApplicationSupportsIndirectInputEvents = YES;
				INFOPLIST_KEY_UILaunchStoryboardName = LaunchScreen;
				INFOPLIST_KEY_UISupportedInterfaceOrientations_iPad = "UIInterfaceOrientationPortrait UIInterfaceOrientationPortraitUpsideDown UIInterfaceOrientationLandscapeLeft UIInterfaceOrientationLandscapeRight";
				INFOPLIST_KEY_UISupportedInterfaceOrientations_iPhone = "UIInterfaceOrientationPortrait UIInterfaceOrientationLandscapeLeft UIInterfaceOrientationLandscapeRight";
				IPHONEOS_DEPLOYMENT_TARGET = 14.0;
				LD_RUNPATH_SEARCH_PATHS = (
					"$(inherited)",
					"@executable_path/Frameworks",
				);
				MARKETING_VERSION = 1.0;
				PRODUCT_BUNDLE_IDENTIFIER = "com.exercise.-Navigation.Navigation";
				PRODUCT_NAME = "$(TARGET_NAME)";
				SUPPORTED_PLATFORMS = "iphoneos iphonesimulator";
				SUPPORTS_MACCATALYST = NO;
				SUPPORTS_MAC_DESIGNED_FOR_IPHONE_IPAD = NO;
				SWIFT_EMIT_LOC_STRINGS = YES;
				SWIFT_VERSION = 5.0;
				TARGETED_DEVICE_FAMILY = 1;
			};
			name = Release;
		};
/* End XCBuildConfiguration section */

/* Begin XCConfigurationList section */
		F48D5C192A2CA51E00DD6AE5 /* Build configuration list for PBXProject "Navigation" */ = {
			isa = XCConfigurationList;
			buildConfigurations = (
				F48D5C302A2CA51F00DD6AE5 /* Debug */,
				F48D5C312A2CA51F00DD6AE5 /* Release */,
			);
			defaultConfigurationIsVisible = 0;
			defaultConfigurationName = Release;
		};
		F48D5C322A2CA51F00DD6AE5 /* Build configuration list for PBXNativeTarget "Navigation" */ = {
			isa = XCConfigurationList;
			buildConfigurations = (
				F48D5C332A2CA51F00DD6AE5 /* Debug */,
				F48D5C342A2CA51F00DD6AE5 /* Release */,
			);
			defaultConfigurationIsVisible = 0;
			defaultConfigurationName = Release;
		};
/* End XCConfigurationList section */
	};
	rootObject = F48D5C162A2CA51E00DD6AE5 /* Project object */;
}
